
Microsoft Visual Studio Solution File, Format Version 12.00
# Visual Studio Version 17
VisualStudioVersion = 17.2.32616.157
MinimumVisualStudioVersion = 10.0.40219.1
Project("{FAE04EC0-301F-11D3-BF4B-00C04F79EFBC}") = "DokterApp", "DokterApp\DokterApp.csproj", "{7D59858D-07AF-472C-ABED-D045DCBBB81E}"
EndProject
Project("{FAE04EC0-301F-11D3-BF4B-00C04F79EFBC}") = "PatientApp", "PatientApp\PatientApp.csproj", "{9EA1E6E0-A2C2-4462-B532-25CE89E5328E}"
EndProject
Project("{FAE04EC0-301F-11D3-BF4B-00C04F79EFBC}") = "BusinessLayer", "BusinessLayer\BusinessLayer.csproj", "{6EBB8819-0428-48F1-BB87-4B98BBC118B5}"
EndProject
Global
	GlobalSection(SolutionConfigurationPlatforms) = preSolution
		Debug|Any CPU = Debug|Any CPU
		Debug|x64 = Debug|x64
		Debug|x86 = Debug|x86
		Release|Any CPU = Release|Any CPU
		Release|x64 = Release|x64
		Release|x86 = Release|x86
	EndGlobalSection
	GlobalSection(ProjectConfigurationPlatforms) = postSolution
		{7D59858D-07AF-472C-ABED-D045DCBBB81E}.Debug|Any CPU.ActiveCfg = Debug|Any CPU
		{7D59858D-07AF-472C-ABED-D045DCBBB81E}.Debug|Any CPU.Build.0 = Debug|Any CPU
		{7D59858D-07AF-472C-ABED-D045DCBBB81E}.Debug|x64.ActiveCfg = Debug|Any CPU
		{7D59858D-07AF-472C-ABED-D045DCBBB81E}.Debug|x64.Build.0 = Debug|Any CPU
		{7D59858D-07AF-472C-ABED-D045DCBBB81E}.Debug|x86.ActiveCfg = Debug|Any CPU
		{7D59858D-07AF-472C-ABED-D045DCBBB81E}.Debug|x86.Build.0 = Debug|Any CPU
		{7D59858D-07AF-472C-ABED-D045DCBBB81E}.Release|Any CPU.ActiveCfg = Release|Any CPU
		{7D59858D-07AF-472C-ABED-D045DCBBB81E}.Release|Any CPU.Build.0 = Release|Any CPU
		{7D59858D-07AF-472C-ABED-D045DCBBB81E}.Release|x64.ActiveCfg = Release|Any CPU
		{7D59858D-07AF-472C-ABED-D045DCBBB81E}.Release|x64.Build.0 = Release|Any CPU
		{7D59858D-07AF-472C-ABED-D045DCBBB81E}.Release|x86.ActiveCfg = Release|Any CPU
		{7D59858D-07AF-472C-ABED-D045DCBBB81E}.Release|x86.Build.0 = Release|Any CPU
		{9EA1E6E0-A2C2-4462-B532-25CE89E5328E}.Debug|Any CPU.ActiveCfg = Debug|Any CPU
		{9EA1E6E0-A2C2-4462-B532-25CE89E5328E}.Debug|Any CPU.Build.0 = Debug|Any CPU
		{9EA1E6E0-A2C2-4462-B532-25CE89E5328E}.Debug|x64.ActiveCfg = Debug|Any CPU
		{9EA1E6E0-A2C2-4462-B532-25CE89E5328E}.Debug|x64.Build.0 = Debug|Any CPU
		{9EA1E6E0-A2C2-4462-B532-25CE89E5328E}.Debug|x86.ActiveCfg = Debug|Any CPU
		{9EA1E6E0-A2C2-4462-B532-25CE89E5328E}.Debug|x86.Build.0 = Debug|Any CPU
		{9EA1E6E0-A2C2-4462-B532-25CE89E5328E}.Release|Any CPU.ActiveCfg = Release|Any CPU
		{9EA1E6E0-A2C2-4462-B532-25CE89E5328E}.Release|Any CPU.Build.0 = Release|Any CPU
		{9EA1E6E0-A2C2-4462-B532-25CE89E5328E}.Release|x64.ActiveCfg = Release|Any CPU
		{9EA1E6E0-A2C2-4462-B532-25CE89E5328E}.Release|x64.Build.0 = Release|Any CPU
		{9EA1E6E0-A2C2-4462-B532-25CE89E5328E}.Release|x86.ActiveCfg = Release|Any CPU
		{9EA1E6E0-A2C2-4462-B532-25CE89E5328E}.Release|x86.Build.0 = Release|Any CPU
		{6EBB8819-0428-48F1-BB87-4B98BBC118B5}.Debug|Any CPU.ActiveCfg = Debug|Any CPU
		{6EBB8819-0428-48F1-BB87-4B98BBC118B5}.Debug|Any CPU.Build.0 = Debug|Any CPU
		{6EBB8819-0428-48F1-BB87-4B98BBC118B5}.Debug|x64.ActiveCfg = Debug|Any CPU
		{6EBB8819-0428-48F1-BB87-4B98BBC118B5}.Debug|x64.Build.0 = Debug|Any CPU
		{6EBB8819-0428-48F1-BB87-4B98BBC118B5}.Debug|x86.ActiveCfg = Debug|Any CPU
		{6EBB8819-0428-48F1-BB87-4B98BBC118B5}.Debug|x86.Build.0 = Debug|Any CPU
		{6EBB8819-0428-48F1-BB87-4B98BBC118B5}.Release|Any CPU.ActiveCfg = Release|Any CPU
		{6EBB8819-0428-48F1-BB87-4B98BBC118B5}.Release|Any CPU.Build.0 = Release|Any CPU
		{6EBB8819-0428-48F1-BB87-4B98BBC118B5}.Release|x64.ActiveCfg = Release|Any CPU
		{6EBB8819-0428-48F1-BB87-4B98BBC118B5}.Release|x64.Build.0 = Release|Any CPU
		{6EBB8819-0428-48F1-BB87-4B98BBC118B5}.Release|x86.ActiveCfg = Release|Any CPU
		{6EBB8819-0428-48F1-BB87-4B98BBC118B5}.Release|x86.Build.0 = Release|Any CPU
	EndGlobalSection
	GlobalSection(SolutionProperties) = preSolution
		HideSolutionNode = FALSE
	EndGlobalSection
	GlobalSection(ExtensibilityGlobals) = postSolution
		SolutionGuid = {268DBB17-8869-4E75-BCD8-560270148A30}
	EndGlobalSection
EndGlobal
